
Microsoft Visual Studio Solution File, Format Version 12.00
# Visual Studio Version 16
VisualStudioVersion = 16.0.30804.86
MinimumVisualStudioVersion = 10.0.40219.1
Project("{9A19103F-16F7-4668-BE54-9A1E7A4F7556}") = "HackatonCCR.MVC", "HackatonCCR.MVC\HackatonCCR.MVC.csproj", "{7692770E-0E17-4941-A640-9438B95093BD}"
EndProject
Project("{FAE04EC0-301F-11D3-BF4B-00C04F79EFBC}") = "HackatonCCR.EDM", "HackatonCCR.EDM\HackatonCCR.EDM.csproj", "{089CBDC5-EA4C-4325-8D1C-8DDE80528E29}"
EndProject
Global
	GlobalSection(SolutionConfigurationPlatforms) = preSolution
		Debug|Any CPU = Debug|Any CPU
		Release|Any CPU = Release|Any CPU
	EndGlobalSection
	GlobalSection(ProjectConfigurationPlatforms) = postSolution
		{7692770E-0E17-4941-A640-9438B95093BD}.Debug|Any CPU.ActiveCfg = Debug|Any CPU
		{7692770E-0E17-4941-A640-9438B95093BD}.Debug|Any CPU.Build.0 = Debug|Any CPU
		{7692770E-0E17-4941-A640-9438B95093BD}.Release|Any CPU.ActiveCfg = Release|Any CPU
		{7692770E-0E17-4941-A640-9438B95093BD}.Release|Any CPU.Build.0 = Release|Any CPU
		{089CBDC5-EA4C-4325-8D1C-8DDE80528E29}.Debug|Any CPU.ActiveCfg = Debug|Any CPU
		{089CBDC5-EA4C-4325-8D1C-8DDE80528E29}.Debug|Any CPU.Build.0 = Debug|Any CPU
		{089CBDC5-EA4C-4325-8D1C-8DDE80528E29}.Release|Any CPU.ActiveCfg = Release|Any CPU
		{089CBDC5-EA4C-4325-8D1C-8DDE80528E29}.Release|Any CPU.Build.0 = Release|Any CPU
	EndGlobalSection
	GlobalSection(SolutionProperties) = preSolution
		HideSolutionNode = FALSE
	EndGlobalSection
	GlobalSection(ExtensibilityGlobals) = postSolution
		SolutionGuid = {C18B6AB2-1889-45DD-8C17-6F04133AD3E3}
	EndGlobalSection
EndGlobal
